
Microsoft Visual Studio Solution File, Format Version 12.00
# Visual Studio Version 17
VisualStudioVersion = 17.11.35208.52
MinimumVisualStudioVersion = 10.0.40219.1
Project("{FAE04EC0-301F-11D3-BF4B-00C04F79EFBC}") = "Datos", "Datos\Datos.csproj", "{9ADB872F-26E1-4CAA-A7F1-F8A959AE25E1}"
EndProject
Project("{FAE04EC0-301F-11D3-BF4B-00C04F79EFBC}") = "Logica", "Logica\Logica.csproj", "{BACE00DB-86E8-47F9-8DBD-58386800AAE2}"
EndProject
Project("{FAE04EC0-301F-11D3-BF4B-00C04F79EFBC}") = "Formularios", "Formularios\Formularios.csproj", "{7CF77F7F-B72F-4B42-99A4-2DD81DFCCC0D}"
EndProject
Global
	GlobalSection(SolutionConfigurationPlatforms) = preSolution
		Debug|Any CPU = Debug|Any CPU
		Release|Any CPU = Release|Any CPU
	EndGlobalSection
	GlobalSection(ProjectConfigurationPlatforms) = postSolution
		{9ADB872F-26E1-4CAA-A7F1-F8A959AE25E1}.Debug|Any CPU.ActiveCfg = Debug|Any CPU
		{9ADB872F-26E1-4CAA-A7F1-F8A959AE25E1}.Debug|Any CPU.Build.0 = Debug|Any CPU
		{9ADB872F-26E1-4CAA-A7F1-F8A959AE25E1}.Release|Any CPU.ActiveCfg = Release|Any CPU
		{9ADB872F-26E1-4CAA-A7F1-F8A959AE25E1}.Release|Any CPU.Build.0 = Release|Any CPU
		{BACE00DB-86E8-47F9-8DBD-58386800AAE2}.Debug|Any CPU.ActiveCfg = Debug|Any CPU
		{BACE00DB-86E8-47F9-8DBD-58386800AAE2}.Debug|Any CPU.Build.0 = Debug|Any CPU
		{BACE00DB-86E8-47F9-8DBD-58386800AAE2}.Release|Any CPU.ActiveCfg = Release|Any CPU
		{BACE00DB-86E8-47F9-8DBD-58386800AAE2}.Release|Any CPU.Build.0 = Release|Any CPU
		{7CF77F7F-B72F-4B42-99A4-2DD81DFCCC0D}.Debug|Any CPU.ActiveCfg = Debug|Any CPU
		{7CF77F7F-B72F-4B42-99A4-2DD81DFCCC0D}.Debug|Any CPU.Build.0 = Debug|Any CPU
		{7CF77F7F-B72F-4B42-99A4-2DD81DFCCC0D}.Release|Any CPU.ActiveCfg = Release|Any CPU
		{7CF77F7F-B72F-4B42-99A4-2DD81DFCCC0D}.Release|Any CPU.Build.0 = Release|Any CPU
	EndGlobalSection
	GlobalSection(SolutionProperties) = preSolution
		HideSolutionNode = FALSE
	EndGlobalSection
	GlobalSection(ExtensibilityGlobals) = postSolution
		SolutionGuid = {ED1B4C35-15D0-45F6-A68C-21564D5BFAFE}
	EndGlobalSection
EndGlobal
